
Microsoft Visual Studio Solution File, Format Version 12.00
# Visual Studio Version 17
VisualStudioVersion = 17.6.33723.286
MinimumVisualStudioVersion = 10.0.40219.1
Project("{FAE04EC0-301F-11D3-BF4B-00C04F79EFBC}") = "AreasWithNUnitTesting", "AreasWithNUnitTesting\AreasWithNUnitTesting.csproj", "{74B0AAE3-866F-4789-A926-73B60F994F96}"
EndProject
Global
	GlobalSection(SolutionConfigurationPlatforms) = preSolution
		Debug|Any CPU = Debug|Any CPU
		Release|Any CPU = Release|Any CPU
	EndGlobalSection
	GlobalSection(ProjectConfigurationPlatforms) = postSolution
		{74B0AAE3-866F-4789-A926-73B60F994F96}.Debug|Any CPU.ActiveCfg = Debug|Any CPU
		{74B0AAE3-866F-4789-A926-73B60F994F96}.Debug|Any CPU.Build.0 = Debug|Any CPU
		{74B0AAE3-866F-4789-A926-73B60F994F96}.Release|Any CPU.ActiveCfg = Release|Any CPU
		{74B0AAE3-866F-4789-A926-73B60F994F96}.Release|Any CPU.Build.0 = Release|Any CPU
	EndGlobalSection
	GlobalSection(SolutionProperties) = preSolution
		HideSolutionNode = FALSE
	EndGlobalSection
	GlobalSection(ExtensibilityGlobals) = postSolution
		SolutionGuid = {9B207548-B495-4FE5-B66E-D05CAE9C3425}
	EndGlobalSection
EndGlobal
